Microsoft Visual Studio Solution File, Format Version 11.00
# Visual Studio 2008

Project("{2AA50EAA-1ED5-3A71-DFBC-82443F64AFFC}") = "ProtoFinalProject", "Assembly-CSharp.csproj", "{C67CD8E7-8551-985E-BD9E-E5C0542A7516}"
EndProject
Global
	GlobalSection(SolutionConfigurationPlatforms) = preSolution
		Debug|Any CPU = Debug|Any CPU
		Release|Any CPU = Release|Any CPU
	EndGlobalSection
	GlobalSection(ProjectConfigurationPlatforms) = postSolution
		{C67CD8E7-8551-985E-BD9E-E5C0542A7516}.Debug|Any CPU.ActiveCfg = Debug|Any CPU
		{C67CD8E7-8551-985E-BD9E-E5C0542A7516}.Debug|Any CPU.Build.0 = Debug|Any CPU
		{C67CD8E7-8551-985E-BD9E-E5C0542A7516}.Release|Any CPU.ActiveCfg = Release|Any CPU
		{C67CD8E7-8551-985E-BD9E-E5C0542A7516}.Release|Any CPU.Build.0 = Release|Any CPU
	EndGlobalSection
	GlobalSection(SolutionProperties) = preSolution
		HideSolutionNode = FALSE
	EndGlobalSection
	GlobalSection(MonoDevelopProperties) = preSolution
		StartupItem = Assembly-CSharp.csproj
	EndGlobalSection
EndGlobal
